
Microsoft Visual Studio Solution File, Format Version 12.00
# Visual Studio Version 17
VisualStudioVersion = 17.14.36327.8
MinimumVisualStudioVersion = 10.0.40219.1
Project("{FAE04EC0-301F-11D3-BF4B-00C04F79EFBC}") = "BillsPieShopDemo", "BillsPieShopDemo\BillsPieShopDemo.csproj", "{43E9FB1E-E979-4B5F-98FC-B1A7EBE8FFB7}"
EndProject
Global
	GlobalSection(SolutionConfigurationPlatforms) = preSolution
		Debug|Any CPU = Debug|Any CPU
		Release|Any CPU = Release|Any CPU
	EndGlobalSection
	GlobalSection(ProjectConfigurationPlatforms) = postSolution
		{43E9FB1E-E979-4B5F-98FC-B1A7EBE8FFB7}.Debug|Any CPU.ActiveCfg = Debug|Any CPU
		{43E9FB1E-E979-4B5F-98FC-B1A7EBE8FFB7}.Debug|Any CPU.Build.0 = Debug|Any CPU
		{43E9FB1E-E979-4B5F-98FC-B1A7EBE8FFB7}.Release|Any CPU.ActiveCfg = Release|Any CPU
		{43E9FB1E-E979-4B5F-98FC-B1A7EBE8FFB7}.Release|Any CPU.Build.0 = Release|Any CPU
	EndGlobalSection
	GlobalSection(SolutionProperties) = preSolution
		HideSolutionNode = FALSE
	EndGlobalSection
	GlobalSection(ExtensibilityGlobals) = postSolution
		SolutionGuid = {2D4B271A-9B81-4417-A4B4-87F3C3B8511F}
	EndGlobalSection
EndGlobal
